
Microsoft Visual Studio Solution File, Format Version 12.00
# Visual Studio Version 17
VisualStudioVersion = 17.5.33530.505
MinimumVisualStudioVersion = 10.0.40219.1
Project("{2150E333-8FDC-42A3-9474-1A3956D46DE8}") = "Microservices", "Microservices", "{185BAF0A-79D7-4DF9-97C9-88D745FCB4F6}"
EndProject
Project("{2150E333-8FDC-42A3-9474-1A3956D46DE8}") = "BuildingBlocks", "BuildingBlocks", "{A3F0C53D-7C58-4058-8247-C5CBBFCDB67C}"
EndProject
Project("{FAE04EC0-301F-11D3-BF4B-00C04F79EFBC}") = "VianaSoft.BuildingBlocks.Core", "src\VianaSoft.BuildingBlocks.Core\VianaSoft.BuildingBlocks.Core.csproj", "{E2B8F641-906C-4DD9-BA34-0BF6705BDE6C}"
EndProject
Global
	GlobalSection(SolutionConfigurationPlatforms) = preSolution
		Debug|Any CPU = Debug|Any CPU
		Release|Any CPU = Release|Any CPU
	EndGlobalSection
	GlobalSection(ProjectConfigurationPlatforms) = postSolution
		{E2B8F641-906C-4DD9-BA34-0BF6705BDE6C}.Debug|Any CPU.ActiveCfg = Debug|Any CPU
		{E2B8F641-906C-4DD9-BA34-0BF6705BDE6C}.Debug|Any CPU.Build.0 = Debug|Any CPU
		{E2B8F641-906C-4DD9-BA34-0BF6705BDE6C}.Release|Any CPU.ActiveCfg = Release|Any CPU
		{E2B8F641-906C-4DD9-BA34-0BF6705BDE6C}.Release|Any CPU.Build.0 = Release|Any CPU
	EndGlobalSection
	GlobalSection(SolutionProperties) = preSolution
		HideSolutionNode = FALSE
	EndGlobalSection
	GlobalSection(NestedProjects) = preSolution
		{A3F0C53D-7C58-4058-8247-C5CBBFCDB67C} = {185BAF0A-79D7-4DF9-97C9-88D745FCB4F6}
		{E2B8F641-906C-4DD9-BA34-0BF6705BDE6C} = {A3F0C53D-7C58-4058-8247-C5CBBFCDB67C}
	EndGlobalSection
	GlobalSection(ExtensibilityGlobals) = postSolution
		SolutionGuid = {67D19FBF-D303-4F29-AA95-F4B3ADA85ED4}
	EndGlobalSection
EndGlobal
